
Microsoft Visual Studio Solution File, Format Version 12.00
# Visual Studio Version 16
VisualStudioVersion = 16.0.31025.194
MinimumVisualStudioVersion = 10.0.40219.1
Project("{FAE04EC0-301F-11D3-BF4B-00C04F79EFBC}") = "NaverMobieFinderApp", "NaverMobieFinderApp\NaverMobieFinderApp.csproj", "{1F1B22DE-8A49-42C2-B251-D3A8EF9FFEEF}"
EndProject
Project("{FAE04EC0-301F-11D3-BF4B-00C04F79EFBC}") = "ConsoleNaverMovieFinder", "ConsoleNaverMovieFinder\ConsoleNaverMovieFinder.csproj", "{551C5938-5898-4158-9BE6-E5B19B94A690}"
EndProject
Global
	GlobalSection(SolutionConfigurationPlatforms) = preSolution
		Debug|Any CPU = Debug|Any CPU
		Release|Any CPU = Release|Any CPU
	EndGlobalSection
	GlobalSection(ProjectConfigurationPlatforms) = postSolution
		{1F1B22DE-8A49-42C2-B251-D3A8EF9FFEEF}.Debug|Any CPU.ActiveCfg = Debug|Any CPU
		{1F1B22DE-8A49-42C2-B251-D3A8EF9FFEEF}.Debug|Any CPU.Build.0 = Debug|Any CPU
		{1F1B22DE-8A49-42C2-B251-D3A8EF9FFEEF}.Release|Any CPU.ActiveCfg = Release|Any CPU
		{1F1B22DE-8A49-42C2-B251-D3A8EF9FFEEF}.Release|Any CPU.Build.0 = Release|Any CPU
		{551C5938-5898-4158-9BE6-E5B19B94A690}.Debug|Any CPU.ActiveCfg = Debug|Any CPU
		{551C5938-5898-4158-9BE6-E5B19B94A690}.Debug|Any CPU.Build.0 = Debug|Any CPU
		{551C5938-5898-4158-9BE6-E5B19B94A690}.Release|Any CPU.ActiveCfg = Release|Any CPU
		{551C5938-5898-4158-9BE6-E5B19B94A690}.Release|Any CPU.Build.0 = Release|Any CPU
	EndGlobalSection
	GlobalSection(SolutionProperties) = preSolution
		HideSolutionNode = FALSE
	EndGlobalSection
	GlobalSection(ExtensibilityGlobals) = postSolution
		SolutionGuid = {A810167A-1BC0-4236-AD19-EDCC1A2BA197}
	EndGlobalSection
EndGlobal
