
Microsoft Visual Studio Solution File, Format Version 12.00
# Visual Studio Version 16
VisualStudioVersion = 16.0.31025.194
MinimumVisualStudioVersion = 10.0.40219.1
Project("{FAE04EC0-301F-11D3-BF4B-00C04F79EFBC}") = "WpfSMSApp", "WpfSMSApp\WpfSMSApp.csproj", "{50B515FE-365C-4AF3-85F6-0C5C996B9D00}"
EndProject
Global
	GlobalSection(SolutionConfigurationPlatforms) = preSolution
		Debug|Any CPU = Debug|Any CPU
		Release|Any CPU = Release|Any CPU
	EndGlobalSection
	GlobalSection(ProjectConfigurationPlatforms) = postSolution
		{50B515FE-365C-4AF3-85F6-0C5C996B9D00}.Debug|Any CPU.ActiveCfg = Debug|Any CPU
		{50B515FE-365C-4AF3-85F6-0C5C996B9D00}.Debug|Any CPU.Build.0 = Debug|Any CPU
		{50B515FE-365C-4AF3-85F6-0C5C996B9D00}.Release|Any CPU.ActiveCfg = Release|Any CPU
		{50B515FE-365C-4AF3-85F6-0C5C996B9D00}.Release|Any CPU.Build.0 = Release|Any CPU
	EndGlobalSection
	GlobalSection(SolutionProperties) = preSolution
		HideSolutionNode = FALSE
	EndGlobalSection
	GlobalSection(ExtensibilityGlobals) = postSolution
		SolutionGuid = {F102C0B3-27CD-4FD0-8C2F-3CCF2B6F9C1A}
	EndGlobalSection
EndGlobal
